
Microsoft Visual Studio Solution File, Format Version 12.00
# Visual Studio Version 17
VisualStudioVersion = 17.3.32929.385
MinimumVisualStudioVersion = 10.0.40219.1
Project("{FAE04EC0-301F-11D3-BF4B-00C04F79EFBC}") = "Exec_For02", "Exec_For02\Exec_For02.csproj", "{7EE9DFBE-6ECD-4DCD-A41C-59DBADCB5DF1}"
EndProject
Project("{FAE04EC0-301F-11D3-BF4B-00C04F79EFBC}") = "Exec_For03", "Exec_For03\Exec_For03.csproj", "{03E4EE54-B230-465F-8531-24472DEC8AFF}"
EndProject
Project("{FAE04EC0-301F-11D3-BF4B-00C04F79EFBC}") = "Exec_For04", "Exec_For04\Exec_For04.csproj", "{BE4B64BF-DFA5-4B5B-A1FE-9942592858F5}"
EndProject
Project("{FAE04EC0-301F-11D3-BF4B-00C04F79EFBC}") = "Exec_for05", "Exec_for05\Exec_for05.csproj", "{7F934B38-8B47-477B-9422-7C691550EC21}"
EndProject
Project("{FAE04EC0-301F-11D3-BF4B-00C04F79EFBC}") = "Exec_Factorial", "Exec_Factorial\Exec_Factorial.csproj", "{F49ED747-0912-473B-95F8-1903DC124F61}"
EndProject
Project("{FAE04EC0-301F-11D3-BF4B-00C04F79EFBC}") = "Exec_For01", "Exec_For01\Exec_For01.csproj", "{BA893C89-584D-4A0D-AB9A-0D444AB3E260}"
EndProject
Global
	GlobalSection(SolutionConfigurationPlatforms) = preSolution
		Debug|Any CPU = Debug|Any CPU
		Release|Any CPU = Release|Any CPU
	EndGlobalSection
	GlobalSection(ProjectConfigurationPlatforms) = postSolution
		{7EE9DFBE-6ECD-4DCD-A41C-59DBADCB5DF1}.Debug|Any CPU.ActiveCfg = Debug|Any CPU
		{7EE9DFBE-6ECD-4DCD-A41C-59DBADCB5DF1}.Debug|Any CPU.Build.0 = Debug|Any CPU
		{7EE9DFBE-6ECD-4DCD-A41C-59DBADCB5DF1}.Release|Any CPU.ActiveCfg = Release|Any CPU
		{7EE9DFBE-6ECD-4DCD-A41C-59DBADCB5DF1}.Release|Any CPU.Build.0 = Release|Any CPU
		{03E4EE54-B230-465F-8531-24472DEC8AFF}.Debug|Any CPU.ActiveCfg = Debug|Any CPU
		{03E4EE54-B230-465F-8531-24472DEC8AFF}.Debug|Any CPU.Build.0 = Debug|Any CPU
		{03E4EE54-B230-465F-8531-24472DEC8AFF}.Release|Any CPU.ActiveCfg = Release|Any CPU
		{03E4EE54-B230-465F-8531-24472DEC8AFF}.Release|Any CPU.Build.0 = Release|Any CPU
		{BE4B64BF-DFA5-4B5B-A1FE-9942592858F5}.Debug|Any CPU.ActiveCfg = Debug|Any CPU
		{BE4B64BF-DFA5-4B5B-A1FE-9942592858F5}.Debug|Any CPU.Build.0 = Debug|Any CPU
		{BE4B64BF-DFA5-4B5B-A1FE-9942592858F5}.Release|Any CPU.ActiveCfg = Release|Any CPU
		{BE4B64BF-DFA5-4B5B-A1FE-9942592858F5}.Release|Any CPU.Build.0 = Release|Any CPU
		{7F934B38-8B47-477B-9422-7C691550EC21}.Debug|Any CPU.ActiveCfg = Debug|Any CPU
		{7F934B38-8B47-477B-9422-7C691550EC21}.Debug|Any CPU.Build.0 = Debug|Any CPU
		{7F934B38-8B47-477B-9422-7C691550EC21}.Release|Any CPU.ActiveCfg = Release|Any CPU
		{7F934B38-8B47-477B-9422-7C691550EC21}.Release|Any CPU.Build.0 = Release|Any CPU
		{F49ED747-0912-473B-95F8-1903DC124F61}.Debug|Any CPU.ActiveCfg = Debug|Any CPU
		{F49ED747-0912-473B-95F8-1903DC124F61}.Debug|Any CPU.Build.0 = Debug|Any CPU
		{F49ED747-0912-473B-95F8-1903DC124F61}.Release|Any CPU.ActiveCfg = Release|Any CPU
		{F49ED747-0912-473B-95F8-1903DC124F61}.Release|Any CPU.Build.0 = Release|Any CPU
		{BA893C89-584D-4A0D-AB9A-0D444AB3E260}.Debug|Any CPU.ActiveCfg = Debug|Any CPU
		{BA893C89-584D-4A0D-AB9A-0D444AB3E260}.Debug|Any CPU.Build.0 = Debug|Any CPU
		{BA893C89-584D-4A0D-AB9A-0D444AB3E260}.Release|Any CPU.ActiveCfg = Release|Any CPU
		{BA893C89-584D-4A0D-AB9A-0D444AB3E260}.Release|Any CPU.Build.0 = Release|Any CPU
	EndGlobalSection
	GlobalSection(SolutionProperties) = preSolution
		HideSolutionNode = FALSE
	EndGlobalSection
	GlobalSection(ExtensibilityGlobals) = postSolution
		SolutionGuid = {94C050BC-2469-41A0-B952-B2EF61211629}
	EndGlobalSection
EndGlobal
